
Microsoft Visual Studio Solution File, Format Version 12.00
# Visual Studio Version 16
VisualStudioVersion = 16.0.31729.503
MinimumVisualStudioVersion = 10.0.40219.1
Project("{FAE04EC0-301F-11D3-BF4B-00C04F79EFBC}") = "001-Hello World", "001-Hello World\001-Hello World.csproj", "{CBD53FA1-3B70-43EA-A08E-354D2CCD6D4A}"
EndProject
Project("{FAE04EC0-301F-11D3-BF4B-00C04F79EFBC}") = "002-Read Data", "002-Read Data\002-Read Data.csproj", "{2C352F59-9D81-4502-B569-CD4FD4C1404C}"
EndProject
Project("{FAE04EC0-301F-11D3-BF4B-00C04F79EFBC}") = "003-Değişkenler", "003-Değişkenler\003-Değişkenler.csproj", "{D0015713-5ADE-45B5-9B1F-90916E3E8E93}"
EndProject
Project("{FAE04EC0-301F-11D3-BF4B-00C04F79EFBC}") = "004-Matematiksel Operatörler", "004-Matematiksel Operatörler\004-Matematiksel Operatörler.csproj", "{78D2AF47-01D9-44AB-BB24-330372473649}"
EndProject
Project("{FAE04EC0-301F-11D3-BF4B-00C04F79EFBC}") = "005-Conver İşlemleri", "005-Conver İşlemleri\005-Conver İşlemleri.csproj", "{398CF641-151E-4A62-A3E3-1F51F389D2F2}"
EndProject
Project("{FAE04EC0-301F-11D3-BF4B-00C04F79EFBC}") = "006-Karar Yapıları(If-Else)", "006-Karar Yapıları(If-Else)\006-Karar Yapıları(If-Else).csproj", "{32E25B05-78BC-4F0F-BD71-9D09A67D1DDF}"
EndProject
Project("{FAE04EC0-301F-11D3-BF4B-00C04F79EFBC}") = "007-Ternary Operatörü", "007-Ternary Operatörü\007-Ternary Operatörü.csproj", "{972087F1-41DC-4F37-BA9E-ED751B068FD7}"
EndProject
Project("{FAE04EC0-301F-11D3-BF4B-00C04F79EFBC}") = "008-Switch Case", "008-Switch Case\008-Switch Case.csproj", "{0FB919ED-78F4-4A65-B1B4-10C810D9241B}"
EndProject
Project("{FAE04EC0-301F-11D3-BF4B-00C04F79EFBC}") = "009-Date Time Metodlari", "009-Date Time Metodlari\009-Date Time Metodlari.csproj", "{ADCA3793-F8E4-4027-9671-6CC102CF0E6A}"
EndProject
Project("{FAE04EC0-301F-11D3-BF4B-00C04F79EFBC}") = "010-Array Metodlari", "010-Array Metodlar\010-Array Metodlari.csproj", "{0693CC72-3A3F-4C0A-B275-DFCA1E9218D5}"
EndProject
Project("{FAE04EC0-301F-11D3-BF4B-00C04F79EFBC}") = "011-Diziler", "011-Diziler Part1\011-Diziler.csproj", "{5B162D3A-3AE7-45C3-A40C-DBD369265502}"
EndProject
Project("{FAE04EC0-301F-11D3-BF4B-00C04F79EFBC}") = "012-Döngüler", "012-Döngüler\012-Döngüler.csproj", "{1B9F4037-1648-4D55-B835-59AC72606397}"
EndProject
Project("{FAE04EC0-301F-11D3-BF4B-00C04F79EFBC}") = "013-Do-While", "012-Do-While\013-Do-While.csproj", "{9893BAB9-FD4A-455F-A38E-1BC36A420597}"
EndProject
Project("{FAE04EC0-301F-11D3-BF4B-00C04F79EFBC}") = "014-Do-While (Extended)", "014-Do-While (Extended)\014-Do-While (Extended).csproj", "{656F985C-1B1D-457A-A5C4-9AE8A5ED464A}"
EndProject
Project("{FAE04EC0-301F-11D3-BF4B-00C04F79EFBC}") = "015-Fonksiyonlar(Bitmedi)", "015-Fonksiyonlar\015-Fonksiyonlar(Bitmedi).csproj", "{9F9D21E7-7FB2-4E5C-AD7C-B6328A1B72FF}"
EndProject
Project("{FAE04EC0-301F-11D3-BF4B-00C04F79EFBC}") = "016-String Metodlari", "016-String Metodlari\016-String Metodlari.csproj", "{4A8E3021-C318-43F4-A776-0442AFB86176}"
EndProject
Project("{FAE04EC0-301F-11D3-BF4B-00C04F79EFBC}") = "017-Metot Nedir", "017-Metot Nedir\017-Metot Nedir.csproj", "{49A04D5E-82A6-4627-A91E-C40E60B2D608}"
EndProject
Project("{FAE04EC0-301F-11D3-BF4B-00C04F79EFBC}") = "018-TryCatch", "018-TryCatch\018-TryCatch.csproj", "{D126782C-BB2A-4376-B49A-D0C3106B54C1}"
EndProject
Project("{FAE04EC0-301F-11D3-BF4B-00C04F79EFBC}") = "019-Void Metodlari", "019-Void Metodlari\019-Void Metodlari.csproj", "{DE5EB1D8-EB13-48EB-A723-D799C28AC1F5}"
EndProject
Project("{FAE04EC0-301F-11D3-BF4B-00C04F79EFBC}") = "020-Foreach", "020-Foreach\020-Foreach.csproj", "{ACF58B8B-9159-4631-80ED-7B0F025B75BE}"
EndProject
Project("{FAE04EC0-301F-11D3-BF4B-00C04F79EFBC}") = "021-Matematiksel Operatörler", "021-Matematiksel Operatörler\021-Matematiksel Operatörler.csproj", "{94ADF6F5-DB89-4482-BD5E-6D8168526962}"
EndProject
Project("{FAE04EC0-301F-11D3-BF4B-00C04F79EFBC}") = "022-Math Class", "022-Math Class\022-Math Class.csproj", "{ACC9FB5D-3FA9-439D-8228-6363B76673FA}"
EndProject
Project("{FAE04EC0-301F-11D3-BF4B-00C04F79EFBC}") = "023-Lab Operatörleri", "023-Lab Operatörleri\023-Lab Operatörleri.csproj", "{98B50175-C126-440C-A22E-AA0EB26CFA3B}"
EndProject
Project("{FAE04EC0-301F-11D3-BF4B-00C04F79EFBC}") = "024-Metot Overload", "024-Metot Overload\024-Metot Overload.csproj", "{B29D308A-9180-454D-A88E-8AEDCF435905}"
EndProject
Project("{FAE04EC0-301F-11D3-BF4B-00C04F79EFBC}") = "025-Generic List", "025-Generic List\025-Generic List.csproj", "{19889BA3-5E39-4C66-8718-0E812CAFE840}"
EndProject
Project("{FAE04EC0-301F-11D3-BF4B-00C04F79EFBC}") = "026-Recursive Fonksiyonları", "026-Recursive Fonksiyonları\026-Recursive Fonksiyonları.csproj", "{3B649EE6-8ABE-48B0-89B8-960E7DB7A0BC}"
EndProject
Project("{FAE04EC0-301F-11D3-BF4B-00C04F79EFBC}") = "027-System IO", "027-System IO\027-System IO.csproj", "{9E717BFA-A3F6-4A1D-AC32-91201BE96C28}"
EndProject
Project("{FAE04EC0-301F-11D3-BF4B-00C04F79EFBC}") = "028-Timer App", "027-Timer App\028-Timer App.csproj", "{C7DF1176-691D-4FA2-BB2F-BE1D4CDD474C}"
EndProject
Project("{FAE04EC0-301F-11D3-BF4B-00C04F79EFBC}") = "029-Array List", "029-Array List\029-Array List.csproj", "{53A49796-7409-4DBD-894E-BC1B97FF9B49}"
EndProject
Project("{FAE04EC0-301F-11D3-BF4B-00C04F79EFBC}") = "030-RunTime Control", "030-RunTime Control\030-RunTime Control.csproj", "{3446F4FF-BA6D-4FEE-AE1F-45F14040A24B}"
EndProject
Project("{FAE04EC0-301F-11D3-BF4B-00C04F79EFBC}") = "031-Mayın Tarlası App", "031-Mayın Tarlası App\031-Mayın Tarlası App.csproj", "{659455E9-27D0-48FC-A126-D8C127B62595}"
EndProject
Project("{FAE04EC0-301F-11D3-BF4B-00C04F79EFBC}") = "032-Kelime Oyunu App", "032-Kelime Oyunu App\032-Kelime Oyunu App.csproj", "{C4631EB3-EB9D-4C50-AC81-E8E9CCD809D1}"
EndProject
Global
	GlobalSection(SolutionConfigurationPlatforms) = preSolution
		Debug|Any CPU = Debug|Any CPU
		Release|Any CPU = Release|Any CPU
	EndGlobalSection
	GlobalSection(ProjectConfigurationPlatforms) = postSolution
		{CBD53FA1-3B70-43EA-A08E-354D2CCD6D4A}.Debug|Any CPU.ActiveCfg = Debug|Any CPU
		{CBD53FA1-3B70-43EA-A08E-354D2CCD6D4A}.Debug|Any CPU.Build.0 = Debug|Any CPU
		{CBD53FA1-3B70-43EA-A08E-354D2CCD6D4A}.Release|Any CPU.ActiveCfg = Release|Any CPU
		{CBD53FA1-3B70-43EA-A08E-354D2CCD6D4A}.Release|Any CPU.Build.0 = Release|Any CPU
		{2C352F59-9D81-4502-B569-CD4FD4C1404C}.Debug|Any CPU.ActiveCfg = Debug|Any CPU
		{2C352F59-9D81-4502-B569-CD4FD4C1404C}.Debug|Any CPU.Build.0 = Debug|Any CPU
		{2C352F59-9D81-4502-B569-CD4FD4C1404C}.Release|Any CPU.ActiveCfg = Release|Any CPU
		{2C352F59-9D81-4502-B569-CD4FD4C1404C}.Release|Any CPU.Build.0 = Release|Any CPU
		{D0015713-5ADE-45B5-9B1F-90916E3E8E93}.Debug|Any CPU.ActiveCfg = Debug|Any CPU
		{D0015713-5ADE-45B5-9B1F-90916E3E8E93}.Debug|Any CPU.Build.0 = Debug|Any CPU
		{D0015713-5ADE-45B5-9B1F-90916E3E8E93}.Release|Any CPU.ActiveCfg = Release|Any CPU
		{D0015713-5ADE-45B5-9B1F-90916E3E8E93}.Release|Any CPU.Build.0 = Release|Any CPU
		{78D2AF47-01D9-44AB-BB24-330372473649}.Debug|Any CPU.ActiveCfg = Debug|Any CPU
		{78D2AF47-01D9-44AB-BB24-330372473649}.Debug|Any CPU.Build.0 = Debug|Any CPU
		{78D2AF47-01D9-44AB-BB24-330372473649}.Release|Any CPU.ActiveCfg = Release|Any CPU
		{78D2AF47-01D9-44AB-BB24-330372473649}.Release|Any CPU.Build.0 = Release|Any CPU
		{398CF641-151E-4A62-A3E3-1F51F389D2F2}.Debug|Any CPU.ActiveCfg = Debug|Any CPU
		{398CF641-151E-4A62-A3E3-1F51F389D2F2}.Debug|Any CPU.Build.0 = Debug|Any CPU
		{398CF641-151E-4A62-A3E3-1F51F389D2F2}.Release|Any CPU.ActiveCfg = Release|Any CPU
		{398CF641-151E-4A62-A3E3-1F51F389D2F2}.Release|Any CPU.Build.0 = Release|Any CPU
		{32E25B05-78BC-4F0F-BD71-9D09A67D1DDF}.Debug|Any CPU.ActiveCfg = Debug|Any CPU
		{32E25B05-78BC-4F0F-BD71-9D09A67D1DDF}.Debug|Any CPU.Build.0 = Debug|Any CPU
		{32E25B05-78BC-4F0F-BD71-9D09A67D1DDF}.Release|Any CPU.ActiveCfg = Release|Any CPU
		{32E25B05-78BC-4F0F-BD71-9D09A67D1DDF}.Release|Any CPU.Build.0 = Release|Any CPU
		{972087F1-41DC-4F37-BA9E-ED751B068FD7}.Debug|Any CPU.ActiveCfg = Debug|Any CPU
		{972087F1-41DC-4F37-BA9E-ED751B068FD7}.Debug|Any CPU.Build.0 = Debug|Any CPU
		{972087F1-41DC-4F37-BA9E-ED751B068FD7}.Release|Any CPU.ActiveCfg = Release|Any CPU
		{972087F1-41DC-4F37-BA9E-ED751B068FD7}.Release|Any CPU.Build.0 = Release|Any CPU
		{0FB919ED-78F4-4A65-B1B4-10C810D9241B}.Debug|Any CPU.ActiveCfg = Debug|Any CPU
		{0FB919ED-78F4-4A65-B1B4-10C810D9241B}.Debug|Any CPU.Build.0 = Debug|Any CPU
		{0FB919ED-78F4-4A65-B1B4-10C810D9241B}.Release|Any CPU.ActiveCfg = Release|Any CPU
		{0FB919ED-78F4-4A65-B1B4-10C810D9241B}.Release|Any CPU.Build.0 = Release|Any CPU
		{ADCA3793-F8E4-4027-9671-6CC102CF0E6A}.Debug|Any CPU.ActiveCfg = Debug|Any CPU
		{ADCA3793-F8E4-4027-9671-6CC102CF0E6A}.Debug|Any CPU.Build.0 = Debug|Any CPU
		{ADCA3793-F8E4-4027-9671-6CC102CF0E6A}.Release|Any CPU.ActiveCfg = Release|Any CPU
		{ADCA3793-F8E4-4027-9671-6CC102CF0E6A}.Release|Any CPU.Build.0 = Release|Any CPU
		{0693CC72-3A3F-4C0A-B275-DFCA1E9218D5}.Debug|Any CPU.ActiveCfg = Debug|Any CPU
		{0693CC72-3A3F-4C0A-B275-DFCA1E9218D5}.Debug|Any CPU.Build.0 = Debug|Any CPU
		{0693CC72-3A3F-4C0A-B275-DFCA1E9218D5}.Release|Any CPU.ActiveCfg = Release|Any CPU
		{0693CC72-3A3F-4C0A-B275-DFCA1E9218D5}.Release|Any CPU.Build.0 = Release|Any CPU
		{5B162D3A-3AE7-45C3-A40C-DBD369265502}.Debug|Any CPU.ActiveCfg = Debug|Any CPU
		{5B162D3A-3AE7-45C3-A40C-DBD369265502}.Debug|Any CPU.Build.0 = Debug|Any CPU
		{5B162D3A-3AE7-45C3-A40C-DBD369265502}.Release|Any CPU.ActiveCfg = Release|Any CPU
		{5B162D3A-3AE7-45C3-A40C-DBD369265502}.Release|Any CPU.Build.0 = Release|Any CPU
		{1B9F4037-1648-4D55-B835-59AC72606397}.Debug|Any CPU.ActiveCfg = Debug|Any CPU
		{1B9F4037-1648-4D55-B835-59AC72606397}.Debug|Any CPU.Build.0 = Debug|Any CPU
		{1B9F4037-1648-4D55-B835-59AC72606397}.Release|Any CPU.ActiveCfg = Release|Any CPU
		{1B9F4037-1648-4D55-B835-59AC72606397}.Release|Any CPU.Build.0 = Release|Any CPU
		{9893BAB9-FD4A-455F-A38E-1BC36A420597}.Debug|Any CPU.ActiveCfg = Debug|Any CPU
		{9893BAB9-FD4A-455F-A38E-1BC36A420597}.Debug|Any CPU.Build.0 = Debug|Any CPU
		{9893BAB9-FD4A-455F-A38E-1BC36A420597}.Release|Any CPU.ActiveCfg = Release|Any CPU
		{9893BAB9-FD4A-455F-A38E-1BC36A420597}.Release|Any CPU.Build.0 = Release|Any CPU
		{656F985C-1B1D-457A-A5C4-9AE8A5ED464A}.Debug|Any CPU.ActiveCfg = Debug|Any CPU
		{656F985C-1B1D-457A-A5C4-9AE8A5ED464A}.Debug|Any CPU.Build.0 = Debug|Any CPU
		{656F985C-1B1D-457A-A5C4-9AE8A5ED464A}.Release|Any CPU.ActiveCfg = Release|Any CPU
		{656F985C-1B1D-457A-A5C4-9AE8A5ED464A}.Release|Any CPU.Build.0 = Release|Any CPU
		{9F9D21E7-7FB2-4E5C-AD7C-B6328A1B72FF}.Debug|Any CPU.ActiveCfg = Debug|Any CPU
		{9F9D21E7-7FB2-4E5C-AD7C-B6328A1B72FF}.Debug|Any CPU.Build.0 = Debug|Any CPU
		{9F9D21E7-7FB2-4E5C-AD7C-B6328A1B72FF}.Release|Any CPU.ActiveCfg = Release|Any CPU
		{9F9D21E7-7FB2-4E5C-AD7C-B6328A1B72FF}.Release|Any CPU.Build.0 = Release|Any CPU
		{4A8E3021-C318-43F4-A776-0442AFB86176}.Debug|Any CPU.ActiveCfg = Debug|Any CPU
		{4A8E3021-C318-43F4-A776-0442AFB86176}.Debug|Any CPU.Build.0 = Debug|Any CPU
		{4A8E3021-C318-43F4-A776-0442AFB86176}.Release|Any CPU.ActiveCfg = Release|Any CPU
		{4A8E3021-C318-43F4-A776-0442AFB86176}.Release|Any CPU.Build.0 = Release|Any CPU
		{49A04D5E-82A6-4627-A91E-C40E60B2D608}.Debug|Any CPU.ActiveCfg = Debug|Any CPU
		{49A04D5E-82A6-4627-A91E-C40E60B2D608}.Debug|Any CPU.Build.0 = Debug|Any CPU
		{49A04D5E-82A6-4627-A91E-C40E60B2D608}.Release|Any CPU.ActiveCfg = Release|Any CPU
		{49A04D5E-82A6-4627-A91E-C40E60B2D608}.Release|Any CPU.Build.0 = Release|Any CPU
		{D126782C-BB2A-4376-B49A-D0C3106B54C1}.Debug|Any CPU.ActiveCfg = Debug|Any CPU
		{D126782C-BB2A-4376-B49A-D0C3106B54C1}.Debug|Any CPU.Build.0 = Debug|Any CPU
		{D126782C-BB2A-4376-B49A-D0C3106B54C1}.Release|Any CPU.ActiveCfg = Release|Any CPU
		{D126782C-BB2A-4376-B49A-D0C3106B54C1}.Release|Any CPU.Build.0 = Release|Any CPU
		{DE5EB1D8-EB13-48EB-A723-D799C28AC1F5}.Debug|Any CPU.ActiveCfg = Debug|Any CPU
		{DE5EB1D8-EB13-48EB-A723-D799C28AC1F5}.Debug|Any CPU.Build.0 = Debug|Any CPU
		{DE5EB1D8-EB13-48EB-A723-D799C28AC1F5}.Release|Any CPU.ActiveCfg = Release|Any CPU
		{DE5EB1D8-EB13-48EB-A723-D799C28AC1F5}.Release|Any CPU.Build.0 = Release|Any CPU
		{ACF58B8B-9159-4631-80ED-7B0F025B75BE}.Debug|Any CPU.ActiveCfg = Debug|Any CPU
		{ACF58B8B-9159-4631-80ED-7B0F025B75BE}.Debug|Any CPU.Build.0 = Debug|Any CPU
		{ACF58B8B-9159-4631-80ED-7B0F025B75BE}.Release|Any CPU.ActiveCfg = Release|Any CPU
		{ACF58B8B-9159-4631-80ED-7B0F025B75BE}.Release|Any CPU.Build.0 = Release|Any CPU
		{94ADF6F5-DB89-4482-BD5E-6D8168526962}.Debug|Any CPU.ActiveCfg = Debug|Any CPU
		{94ADF6F5-DB89-4482-BD5E-6D8168526962}.Debug|Any CPU.Build.0 = Debug|Any CPU
		{94ADF6F5-DB89-4482-BD5E-6D8168526962}.Release|Any CPU.ActiveCfg = Release|Any CPU
		{94ADF6F5-DB89-4482-BD5E-6D8168526962}.Release|Any CPU.Build.0 = Release|Any CPU
		{ACC9FB5D-3FA9-439D-8228-6363B76673FA}.Debug|Any CPU.ActiveCfg = Debug|Any CPU
		{ACC9FB5D-3FA9-439D-8228-6363B76673FA}.Debug|Any CPU.Build.0 = Debug|Any CPU
		{ACC9FB5D-3FA9-439D-8228-6363B76673FA}.Release|Any CPU.ActiveCfg = Release|Any CPU
		{ACC9FB5D-3FA9-439D-8228-6363B76673FA}.Release|Any CPU.Build.0 = Release|Any CPU
		{98B50175-C126-440C-A22E-AA0EB26CFA3B}.Debug|Any CPU.ActiveCfg = Debug|Any CPU
		{98B50175-C126-440C-A22E-AA0EB26CFA3B}.Debug|Any CPU.Build.0 = Debug|Any CPU
		{98B50175-C126-440C-A22E-AA0EB26CFA3B}.Release|Any CPU.ActiveCfg = Release|Any CPU
		{98B50175-C126-440C-A22E-AA0EB26CFA3B}.Release|Any CPU.Build.0 = Release|Any CPU
		{B29D308A-9180-454D-A88E-8AEDCF435905}.Debug|Any CPU.ActiveCfg = Debug|Any CPU
		{B29D308A-9180-454D-A88E-8AEDCF435905}.Debug|Any CPU.Build.0 = Debug|Any CPU
		{B29D308A-9180-454D-A88E-8AEDCF435905}.Release|Any CPU.ActiveCfg = Release|Any CPU
		{B29D308A-9180-454D-A88E-8AEDCF435905}.Release|Any CPU.Build.0 = Release|Any CPU
		{19889BA3-5E39-4C66-8718-0E812CAFE840}.Debug|Any CPU.ActiveCfg = Debug|Any CPU
		{19889BA3-5E39-4C66-8718-0E812CAFE840}.Debug|Any CPU.Build.0 = Debug|Any CPU
		{19889BA3-5E39-4C66-8718-0E812CAFE840}.Release|Any CPU.ActiveCfg = Release|Any CPU
		{19889BA3-5E39-4C66-8718-0E812CAFE840}.Release|Any CPU.Build.0 = Release|Any CPU
		{3B649EE6-8ABE-48B0-89B8-960E7DB7A0BC}.Debug|Any CPU.ActiveCfg = Debug|Any CPU
		{3B649EE6-8ABE-48B0-89B8-960E7DB7A0BC}.Debug|Any CPU.Build.0 = Debug|Any CPU
		{3B649EE6-8ABE-48B0-89B8-960E7DB7A0BC}.Release|Any CPU.ActiveCfg = Release|Any CPU
		{3B649EE6-8ABE-48B0-89B8-960E7DB7A0BC}.Release|Any CPU.Build.0 = Release|Any CPU
		{9E717BFA-A3F6-4A1D-AC32-91201BE96C28}.Debug|Any CPU.ActiveCfg = Debug|Any CPU
		{9E717BFA-A3F6-4A1D-AC32-91201BE96C28}.Debug|Any CPU.Build.0 = Debug|Any CPU
		{9E717BFA-A3F6-4A1D-AC32-91201BE96C28}.Release|Any CPU.ActiveCfg = Release|Any CPU
		{9E717BFA-A3F6-4A1D-AC32-91201BE96C28}.Release|Any CPU.Build.0 = Release|Any CPU
		{C7DF1176-691D-4FA2-BB2F-BE1D4CDD474C}.Debug|Any CPU.ActiveCfg = Debug|Any CPU
		{C7DF1176-691D-4FA2-BB2F-BE1D4CDD474C}.Debug|Any CPU.Build.0 = Debug|Any CPU
		{C7DF1176-691D-4FA2-BB2F-BE1D4CDD474C}.Release|Any CPU.ActiveCfg = Release|Any CPU
		{C7DF1176-691D-4FA2-BB2F-BE1D4CDD474C}.Release|Any CPU.Build.0 = Release|Any CPU
		{53A49796-7409-4DBD-894E-BC1B97FF9B49}.Debug|Any CPU.ActiveCfg = Debug|Any CPU
		{53A49796-7409-4DBD-894E-BC1B97FF9B49}.Debug|Any CPU.Build.0 = Debug|Any CPU
		{53A49796-7409-4DBD-894E-BC1B97FF9B49}.Release|Any CPU.ActiveCfg = Release|Any CPU
		{53A49796-7409-4DBD-894E-BC1B97FF9B49}.Release|Any CPU.Build.0 = Release|Any CPU
		{3446F4FF-BA6D-4FEE-AE1F-45F14040A24B}.Debug|Any CPU.ActiveCfg = Debug|Any CPU
		{3446F4FF-BA6D-4FEE-AE1F-45F14040A24B}.Debug|Any CPU.Build.0 = Debug|Any CPU
		{3446F4FF-BA6D-4FEE-AE1F-45F14040A24B}.Release|Any CPU.ActiveCfg = Release|Any CPU
		{3446F4FF-BA6D-4FEE-AE1F-45F14040A24B}.Release|Any CPU.Build.0 = Release|Any CPU
		{659455E9-27D0-48FC-A126-D8C127B62595}.Debug|Any CPU.ActiveCfg = Debug|Any CPU
		{659455E9-27D0-48FC-A126-D8C127B62595}.Debug|Any CPU.Build.0 = Debug|Any CPU
		{659455E9-27D0-48FC-A126-D8C127B62595}.Release|Any CPU.ActiveCfg = Release|Any CPU
		{659455E9-27D0-48FC-A126-D8C127B62595}.Release|Any CPU.Build.0 = Release|Any CPU
		{C4631EB3-EB9D-4C50-AC81-E8E9CCD809D1}.Debug|Any CPU.ActiveCfg = Debug|Any CPU
		{C4631EB3-EB9D-4C50-AC81-E8E9CCD809D1}.Debug|Any CPU.Build.0 = Debug|Any CPU
		{C4631EB3-EB9D-4C50-AC81-E8E9CCD809D1}.Release|Any CPU.ActiveCfg = Release|Any CPU
		{C4631EB3-EB9D-4C50-AC81-E8E9CCD809D1}.Release|Any CPU.Build.0 = Release|Any CPU
	EndGlobalSection
	GlobalSection(SolutionProperties) = preSolution
		HideSolutionNode = FALSE
	EndGlobalSection
	GlobalSection(ExtensibilityGlobals) = postSolution
		SolutionGuid = {436D32FD-6BCB-44A8-B8C9-A89CB5D18942}
	EndGlobalSection
EndGlobal
